
Microsoft Visual Studio Solution File, Format Version 12.00
# Visual Studio Version 16
VisualStudioVersion = 16.0.30011.22
MinimumVisualStudioVersion = 10.0.40219.1
Project("{FAE04EC0-301F-11D3-BF4B-00C04F79EFBC}") = "RMuseumBookReader", "RMuseumBookReader\RMuseumBookReader.csproj", "{35796BAB-5AE2-4857-A5DF-A49B38F77A3F}"
EndProject
Global
	GlobalSection(SolutionConfigurationPlatforms) = preSolution
		Debug|Any CPU = Debug|Any CPU
		Release|Any CPU = Release|Any CPU
	EndGlobalSection
	GlobalSection(ProjectConfigurationPlatforms) = postSolution
		{35796BAB-5AE2-4857-A5DF-A49B38F77A3F}.Debug|Any CPU.ActiveCfg = Debug|Any CPU
		{35796BAB-5AE2-4857-A5DF-A49B38F77A3F}.Debug|Any CPU.Build.0 = Debug|Any CPU
		{35796BAB-5AE2-4857-A5DF-A49B38F77A3F}.Release|Any CPU.ActiveCfg = Release|Any CPU
		{35796BAB-5AE2-4857-A5DF-A49B38F77A3F}.Release|Any CPU.Build.0 = Release|Any CPU
	EndGlobalSection
	GlobalSection(SolutionProperties) = preSolution
		HideSolutionNode = FALSE
	EndGlobalSection
	GlobalSection(ExtensibilityGlobals) = postSolution
		SolutionGuid = {DCBFD9A4-21D4-4C65-826B-F9516693A3EA}
	EndGlobalSection
EndGlobal
